// !$*UTF8*$!
{
	archiveVersion = 1;
	classes = {
	};
	objectVersion = 50;
	objects = {

/* Begin PBXBuildFile section */
		9A7C4EA325C6341E00E3D3A5 /* Assets.xcassets in Resources */ = {isa = PBXBuildFile; fileRef = 9A7C4EA225C6341E00E3D3A5 /* Assets.xcassets */; };
		9A7C4EAA25C6341F00E3D3A5 /* iMessage Whiteboard MessagesExtension.appex in Embed App Extensions */ = {isa = PBXBuildFile; fileRef = 9A7C4EA925C6341F00E3D3A5 /* iMessage Whiteboard MessagesExtension.appex */; settings = {ATTRIBUTES = (RemoveHeadersOnCopy, ); }; };
		9A7C4EAF25C6341F00E3D3A5 /* Messages.framework in Frameworks */ = {isa = PBXBuildFile; fileRef = 9A7C4EAE25C6341F00E3D3A5 /* Messages.framework */; };
		9A7C4EB225C6341F00E3D3A5 /* MessagesViewController.swift in Sources */ = {isa = PBXBuildFile; fileRef = 9A7C4EB125C6341F00E3D3A5 /* MessagesViewController.swift */; };
		9A7C4EB525C6341F00E3D3A5 /* MainInterface.storyboard in Resources */ = {isa = PBXBuildFile; fileRef = 9A7C4EB325C6341F00E3D3A5 /* MainInterface.storyboard */; };
		9A7C4EB725C6342000E3D3A5 /* Assets.xcassets in Resources */ = {isa = PBXBuildFile; fileRef = 9A7C4EB625C6342000E3D3A5 /* Assets.xcassets */; };
		9A7C4EC925E1D48D00E3D3A5 /* MainInterface.storyboard in Resources */ = {isa = PBXBuildFile; fileRef = 9A7C4EB325C6341F00E3D3A5 /* MainInterface.storyboard */; };
		9AEB50582600717200A0F5A2 /* Messages.swift in Sources */ = {isa = PBXBuildFile; fileRef = 9AEB50572600717200A0F5A2 /* Messages.swift */; };
		9AEB505C2600794E00A0F5A2 /* Network.swift in Sources */ = {isa = PBXBuildFile; fileRef = 9AEB505B2600794E00A0F5A2 /* Network.swift */; };
		9AEB5085261972A500A0F5A2 /* MessagesDelegator.swift in Sources */ = {isa = PBXBuildFile; fileRef = 9AEB5084261972A500A0F5A2 /* MessagesDelegator.swift */; };
		9AEB50A6263B2D7700A0F5A2 /* TextBoxViewController.swift in Sources */ = {isa = PBXBuildFile; fileRef = 9AEB50A5263B2D7700A0F5A2 /* TextBoxViewController.swift */; };
		9AEB50AF263B38D900A0F5A2 /* Settings.swift in Sources */ = {isa = PBXBuildFile; fileRef = 9AEB50A9263B389A00A0F5A2 /* Settings.swift */; };
/* End PBXBuildFile section */

/* Begin PBXContainerItemProxy section */
		9A7C4EAB25C6341F00E3D3A5 /* PBXContainerItemProxy */ = {
			isa = PBXContainerItemProxy;
			containerPortal = 9A7C4E9925C6341B00E3D3A5 /* Project object */;
			proxyType = 1;
			remoteGlobalIDString = 9A7C4EA825C6341F00E3D3A5;
			remoteInfo = "iMessage Whiteboard MessagesExtension";
		};
/* End PBXContainerItemProxy section */

/* Begin PBXCopyFilesBuildPhase section */
		9A7C4EBE25C6342000E3D3A5 /* Embed App Extensions */ = {
			isa = PBXCopyFilesBuildPhase;
			buildActionMask = 2147483647;
			dstPath = "";
			dstSubfolderSpec = 13;
			files = (
				9A7C4EAA25C6341F00E3D3A5 /* iMessage Whiteboard MessagesExtension.appex in Embed App Extensions */,
			);
			name = "Embed App Extensions";
			runOnlyForDeploymentPostprocessing = 0;
		};
/* End PBXCopyFilesBuildPhase section */

/* Begin PBXFileReference section */
		9A7C4E9F25C6341B00E3D3A5 /* iMessage Whiteboard.app */ = {isa = PBXFileReference; explicitFileType = wrapper.application; includeInIndex = 0; path = "iMessage Whiteboard.app"; sourceTree = BUILT_PRODUCTS_DIR; };
		9A7C4EA225C6341E00E3D3A5 /* Assets.xcassets */ = {isa = PBXFileReference; lastKnownFileType = folder.assetcatalog; path = Assets.xcassets; sourceTree = "<group>"; };
		9A7C4EA425C6341E00E3D3A5 /* Info.plist */ = {isa = PBXFileReference; lastKnownFileType = text.plist.xml; path = Info.plist; sourceTree = "<group>"; };
		9A7C4EA925C6341F00E3D3A5 /* iMessage Whiteboard MessagesExtension.appex */ = {isa = PBXFileReference; explicitFileType = "wrapper.app-extension"; includeInIndex = 0; path = "iMessage Whiteboard MessagesExtension.appex"; sourceTree = BUILT_PRODUCTS_DIR; };
		9A7C4EAE25C6341F00E3D3A5 /* Messages.framework */ = {isa = PBXFileReference; lastKnownFileType = wrapper.framework; name = Messages.framework; path = System/Library/Frameworks/Messages.framework; sourceTree = SDKROOT; };
		9A7C4EB125C6341F00E3D3A5 /* MessagesViewController.swift */ = {isa = PBXFileReference; lastKnownFileType = sourcecode.swift; path = MessagesViewController.swift; sourceTree = "<group>"; };
		9A7C4EB425C6341F00E3D3A5 /* Base */ = {isa = PBXFileReference; lastKnownFileType = file.storyboard; name = Base; path = Base.lproj/MainInterface.storyboard; sourceTree = "<group>"; };
		9A7C4EB625C6342000E3D3A5 /* Assets.xcassets */ = {isa = PBXFileReference; lastKnownFileType = folder.assetcatalog; path = Assets.xcassets; sourceTree = "<group>"; };
		9A7C4EB825C6342000E3D3A5 /* Info.plist */ = {isa = PBXFileReference; lastKnownFileType = text.plist.xml; path = Info.plist; sourceTree = "<group>"; };
		9AEB50572600717200A0F5A2 /* Messages.swift */ = {isa = PBXFileReference; lastKnownFileType = sourcecode.swift; path = Messages.swift; sourceTree = "<group>"; };
		9AEB505B2600794E00A0F5A2 /* Network.swift */ = {isa = PBXFileReference; lastKnownFileType = sourcecode.swift; path = Network.swift; sourceTree = "<group>"; };
		9AEB5083261972A500A0F5A2 /* iMessage Whiteboard-Bridging-Header.h */ = {isa = PBXFileReference; lastKnownFileType = sourcecode.c.h; path = "iMessage Whiteboard-Bridging-Header.h"; sourceTree = "<group>"; };
		9AEB5084261972A500A0F5A2 /* MessagesDelegator.swift */ = {isa = PBXFileReference; lastKnownFileType = sourcecode.swift; path = MessagesDelegator.swift; sourceTree = "<group>"; };
		9AEB50A5263B2D7700A0F5A2 /* TextBoxViewController.swift */ = {isa = PBXFileReference; lastKnownFileType = sourcecode.swift; path = TextBoxViewController.swift; sourceTree = "<group>"; };
		9AEB50A9263B389A00A0F5A2 /* Settings.swift */ = {isa = PBXFileReference; lastKnownFileType = sourcecode.swift; path = Settings.swift; sourceTree = "<group>"; };
/* End PBXFileReference section */

/* Begin PBXFrameworksBuildPhase section */
		9A7C4EA625C6341F00E3D3A5 /* Frameworks */ = {
			isa = PBXFrameworksBuildPhase;
			buildActionMask = 2147483647;
			files = (
				9A7C4EAF25C6341F00E3D3A5 /* Messages.framework in Frameworks */,
			);
			runOnlyForDeploymentPostprocessing = 0;
		};
/* End PBXFrameworksBuildPhase section */

/* Begin PBXGroup section */
		9A7C4E9825C6341B00E3D3A5 = {
			isa = PBXGroup;
			children = (
				9AEB50A9263B389A00A0F5A2 /* Settings.swift */,
				9AEB505B2600794E00A0F5A2 /* Network.swift */,
				9AEB5084261972A500A0F5A2 /* MessagesDelegator.swift */,
				9AEB50572600717200A0F5A2 /* Messages.swift */,
				9A7C4EA125C6341B00E3D3A5 /* iMessage Whiteboard */,
				9A7C4EB025C6341F00E3D3A5 /* iMessage Whiteboard MessagesExtension */,
				9A7C4EAD25C6341F00E3D3A5 /* Frameworks */,
				9A7C4EA025C6341B00E3D3A5 /* Products */,
				9AEB5083261972A500A0F5A2 /* iMessage Whiteboard-Bridging-Header.h */,
			);
			sourceTree = "<group>";
		};
		9A7C4EA025C6341B00E3D3A5 /* Products */ = {
			isa = PBXGroup;
			children = (
				9A7C4E9F25C6341B00E3D3A5 /* iMessage Whiteboard.app */,
				9A7C4EA925C6341F00E3D3A5 /* iMessage Whiteboard MessagesExtension.appex */,
			);
			name = Products;
			sourceTree = "<group>";
		};
		9A7C4EA125C6341B00E3D3A5 /* iMessage Whiteboard */ = {
			isa = PBXGroup;
			children = (
				9A7C4EA225C6341E00E3D3A5 /* Assets.xcassets */,
				9A7C4EA425C6341E00E3D3A5 /* Info.plist */,
			);
			path = "iMessage Whiteboard";
			sourceTree = "<group>";
		};
		9A7C4EAD25C6341F00E3D3A5 /* Frameworks */ = {
			isa = PBXGroup;
			children = (
				9A7C4EAE25C6341F00E3D3A5 /* Messages.framework */,
			);
			name = Frameworks;
			sourceTree = "<group>";
		};
		9A7C4EB025C6341F00E3D3A5 /* iMessage Whiteboard MessagesExtension */ = {
			isa = PBXGroup;
			children = (
				9A7C4EB125C6341F00E3D3A5 /* MessagesViewController.swift */,
				9AEB50A5263B2D7700A0F5A2 /* TextBoxViewController.swift */,
				9A7C4EB325C6341F00E3D3A5 /* MainInterface.storyboard */,
				9A7C4EB625C6342000E3D3A5 /* Assets.xcassets */,
				9A7C4EB825C6342000E3D3A5 /* Info.plist */,
			);
			path = "iMessage Whiteboard MessagesExtension";
			sourceTree = "<group>";
		};
/* End PBXGroup section */

/* Begin PBXNativeTarget section */
		9A7C4E9E25C6341B00E3D3A5 /* iMessage Whiteboard */ = {
			isa = PBXNativeTarget;
			buildConfigurationList = 9A7C4EBF25C6342000E3D3A5 /* Build configuration list for PBXNativeTarget "iMessage Whiteboard" */;
			buildPhases = (
				9A7C4E9D25C6341B00E3D3A5 /* Resources */,
				9A7C4EBE25C6342000E3D3A5 /* Embed App Extensions */,
			);
			buildRules = (
			);
			dependencies = (
				9A7C4EAC25C6341F00E3D3A5 /* PBXTargetDependency */,
			);
			name = "iMessage Whiteboard";
			packageProductDependencies = (
			);
			productName = "iMessage Whiteboard";
			productReference = 9A7C4E9F25C6341B00E3D3A5 /* iMessage Whiteboard.app */;
			productType = "com.apple.product-type.application.messages";
		};
		9A7C4EA825C6341F00E3D3A5 /* iMessage Whiteboard MessagesExtension */ = {
			isa = PBXNativeTarget;
			buildConfigurationList = 9A7C4EBB25C6342000E3D3A5 /* Build configuration list for PBXNativeTarget "iMessage Whiteboard MessagesExtension" */;
			buildPhases = (
				9A7C4EA525C6341F00E3D3A5 /* Sources */,
				9A7C4EA625C6341F00E3D3A5 /* Frameworks */,
				9A7C4EA725C6341F00E3D3A5 /* Resources */,
			);
			buildRules = (
			);
			dependencies = (
			);
			name = "iMessage Whiteboard MessagesExtension";
			packageProductDependencies = (
			);
			productName = "iMessage Whiteboard MessagesExtension";
			productReference = 9A7C4EA925C6341F00E3D3A5 /* iMessage Whiteboard MessagesExtension.appex */;
			productType = "com.apple.product-type.app-extension.messages";
		};
/* End PBXNativeTarget section */

/* Begin PBXProject section */
		9A7C4E9925C6341B00E3D3A5 /* Project object */ = {
			isa = PBXProject;
			attributes = {
				LastSwiftUpdateCheck = 1240;
				LastUpgradeCheck = 1240;
				TargetAttributes = {
					9A7C4E9E25C6341B00E3D3A5 = {
						CreatedOnToolsVersion = 12.4;
						LastSwiftMigration = 1240;
					};
					9A7C4EA825C6341F00E3D3A5 = {
						CreatedOnToolsVersion = 12.4;
					};
				};
			};
			buildConfigurationList = 9A7C4E9C25C6341B00E3D3A5 /* Build configuration list for PBXProject "iMessage Whiteboard" */;
			compatibilityVersion = "Xcode 9.3";
			developmentRegion = en;
			hasScannedForEncodings = 0;
			knownRegions = (
				en,
				Base,
			);
			mainGroup = 9A7C4E9825C6341B00E3D3A5;
			packageReferences = (
			);
			productRefGroup = 9A7C4EA025C6341B00E3D3A5 /* Products */;
			projectDirPath = "";
			projectRoot = "";
			targets = (
				9A7C4E9E25C6341B00E3D3A5 /* iMessage Whiteboard */,
				9A7C4EA825C6341F00E3D3A5 /* iMessage Whiteboard MessagesExtension */,
			);
		};
/* End PBXProject section */

/* Begin PBXResourcesBuildPhase section */
		9A7C4E9D25C6341B00E3D3A5 /* Resources */ = {
			isa = PBXResourcesBuildPhase;
			buildActionMask = 2147483647;
			files = (
				9A7C4EA325C6341E00E3D3A5 /* Assets.xcassets in Resources */,
				9A7C4EC925E1D48D00E3D3A5 /* MainInterface.storyboard in Resources */,
			);
			runOnlyForDeploymentPostprocessing = 0;
		};
		9A7C4EA725C6341F00E3D3A5 /* Resources */ = {
			isa = PBXResourcesBuildPhase;
			buildActionMask = 2147483647;
			files = (
				9A7C4EB725C6342000E3D3A5 /* Assets.xcassets in Resources */,
				9A7C4EB525C6341F00E3D3A5 /* MainInterface.storyboard in Resources */,
			);
			runOnlyForDeploymentPostprocessing = 0;
		};
/* End PBXResourcesBuildPhase section */

/* Begin PBXSourcesBuildPhase section */
		9A7C4EA525C6341F00E3D3A5 /* Sources */ = {
			isa = PBXSourcesBuildPhase;
			buildActionMask = 2147483647;
			files = (
				9AEB50AF263B38D900A0F5A2 /* Settings.swift in Sources */,
				9A7C4EB225C6341F00E3D3A5 /* MessagesViewController.swift in Sources */,
				9AEB5085261972A500A0F5A2 /* MessagesDelegator.swift in Sources */,
				9AEB50582600717200A0F5A2 /* Messages.swift in Sources */,
				9AEB50A6263B2D7700A0F5A2 /* TextBoxViewController.swift in Sources */,
				9AEB505C2600794E00A0F5A2 /* Network.swift in Sources */,
			);
			runOnlyForDeploymentPostprocessing = 0;
		};
/* End PBXSourcesBuildPhase section */

/* Begin PBXTargetDependency section */
		9A7C4EAC25C6341F00E3D3A5 /* PBXTargetDependency */ = {
			isa = PBXTargetDependency;
			target = 9A7C4EA825C6341F00E3D3A5 /* iMessage Whiteboard MessagesExtension */;
			targetProxy = 9A7C4EAB25C6341F00E3D3A5 /* PBXContainerItemProxy */;
		};
/* End PBXTargetDependency section */

/* Begin PBXVariantGroup section */
		9A7C4EB325C6341F00E3D3A5 /* MainInterface.storyboard */ = {
			isa = PBXVariantGroup;
			children = (
				9A7C4EB425C6341F00E3D3A5 /* Base */,
			);
			name = MainInterface.storyboard;
			sourceTree = "<group>";
		};
/* End PBXVariantGroup section */

/* Begin XCBuildConfiguration section */
		9A7C4EB925C6342000E3D3A5 /* Debug */ = {
			isa = XCBuildConfiguration;
			buildSettings = {
				ALWAYS_SEARCH_USER_PATHS = NO;
				CLANG_ANALYZER_NONNULL = YES;
				CLANG_ANALYZER_NUMBER_OBJECT_CONVERSION = YES_AGGRESSIVE;
				CLANG_CXX_LANGUAGE_STANDARD = "gnu++14";
				CLANG_CXX_LIBRARY = "libc++";
				CLANG_ENABLE_MODULES = YES;
				CLANG_ENABLE_OBJC_ARC = YES;
				CLANG_ENABLE_OBJC_WEAK = YES;
				CLANG_WARN_BLOCK_CAPTURE_AUTORELEASING = YES;
				CLANG_WARN_BOOL_CONVERSION = YES;
				CLANG_WARN_COMMA = YES;
				CLANG_WARN_CONSTANT_CONVERSION = YES;
				CLANG_WARN_DEPRECATED_OBJC_IMPLEMENTATIONS = YES;
				CLANG_WARN_DIRECT_OBJC_ISA_USAGE = YES_ERROR;
				CLANG_WARN_DOCUMENTATION_COMMENTS = YES;
				CLANG_WARN_EMPTY_BODY = YES;
				CLANG_WARN_ENUM_CONVERSION = YES;
				CLANG_WARN_INFINITE_RECURSION = YES;
				CLANG_WARN_INT_CONVERSION = YES;
				CLANG_WARN_NON_LITERAL_NULL_CONVERSION = YES;
				CLANG_WARN_OBJC_IMPLICIT_RETAIN_SELF = YES;
				CLANG_WARN_OBJC_LITERAL_CONVERSION = YES;
				CLANG_WARN_OBJC_ROOT_CLASS = YES_ERROR;
				CLANG_WARN_QUOTED_INCLUDE_IN_FRAMEWORK_HEADER = YES;
				CLANG_WARN_RANGE_LOOP_ANALYSIS = YES;
				CLANG_WARN_STRICT_PROTOTYPES = YES;
				CLANG_WARN_SUSPICIOUS_MOVE = YES;
				CLANG_WARN_UNGUARDED_AVAILABILITY = YES_AGGRESSIVE;
				CLANG_WARN_UNREACHABLE_CODE = YES;
				CLANG_WARN__DUPLICATE_METHOD_MATCH = YES;
				COPY_PHASE_STRIP = NO;
				DEBUG_INFORMATION_FORMAT = dwarf;
				ENABLE_STRICT_OBJC_MSGSEND = YES;
				ENABLE_TESTABILITY = YES;
				GCC_C_LANGUAGE_STANDARD = gnu11;
				GCC_DYNAMIC_NO_PIC = NO;
				GCC_NO_COMMON_BLOCKS = YES;
				GCC_OPTIMIZATION_LEVEL = 0;
				GCC_PREPROCESSOR_DEFINITIONS = (
					"DEBUG=1",
					"$(inherited)",
				);
				GCC_WARN_64_TO_32_BIT_CONVERSION = YES;
				GCC_WARN_ABOUT_RETURN_TYPE = YES_ERROR;
				GCC_WARN_UNDECLARED_SELECTOR = YES;
				GCC_WARN_UNINITIALIZED_AUTOS = YES_AGGRESSIVE;
				GCC_WARN_UNUSED_FUNCTION = YES;
				GCC_WARN_UNUSED_VARIABLE = YES;
				IPHONEOS_DEPLOYMENT_TARGET = 14.4;
				MTL_ENABLE_DEBUG_INFO = INCLUDE_SOURCE;
				MTL_FAST_MATH = YES;
				ONLY_ACTIVE_ARCH = YES;
				SDKROOT = iphoneos;
				SWIFT_ACTIVE_COMPILATION_CONDITIONS = DEBUG;
				SWIFT_OPTIMIZATION_LEVEL = "-Onone";
			};
			name = Debug;
		};
		9A7C4EBA25C6342000E3D3A5 /* Release */ = {
			isa = XCBuildConfiguration;
			buildSettings = {
				ALWAYS_SEARCH_USER_PATHS = NO;
				CLANG_ANALYZER_NONNULL = YES;
				CLANG_ANALYZER_NUMBER_OBJECT_CONVERSION = YES_AGGRESSIVE;
				CLANG_CXX_LANGUAGE_STANDARD = "gnu++14";
				CLANG_CXX_LIBRARY = "libc++";
				CLANG_ENABLE_MODULES = YES;
				CLANG_ENABLE_OBJC_ARC = YES;
				CLANG_ENABLE_OBJC_WEAK = YES;
				CLANG_WARN_BLOCK_CAPTURE_AUTORELEASING = YES;
				CLANG_WARN_BOOL_CONVERSION = YES;
				CLANG_WARN_COMMA = YES;
				CLANG_WARN_CONSTANT_CONVERSION = YES;
				CLANG_WARN_DEPRECATED_OBJC_IMPLEMENTATIONS = YES;
				CLANG_WARN_DIRECT_OBJC_ISA_USAGE = YES_ERROR;
				CLANG_WARN_DOCUMENTATION_COMMENTS = YES;
				CLANG_WARN_EMPTY_BODY = YES;
				CLANG_WARN_ENUM_CONVERSION = YES;
				CLANG_WARN_INFINITE_RECURSION = YES;
				CLANG_WARN_INT_CONVERSION = YES;
				CLANG_WARN_NON_LITERAL_NULL_CONVERSION = YES;
				CLANG_WARN_OBJC_IMPLICIT_RETAIN_SELF = YES;
				CLANG_WARN_OBJC_LITERAL_CONVERSION = YES;
				CLANG_WARN_OBJC_ROOT_CLASS = YES_ERROR;
				CLANG_WARN_QUOTED_INCLUDE_IN_FRAMEWORK_HEADER = YES;
				CLANG_WARN_RANGE_LOOP_ANALYSIS = YES;
				CLANG_WARN_STRICT_PROTOTYPES = YES;
				CLANG_WARN_SUSPICIOUS_MOVE = YES;
				CLANG_WARN_UNGUARDED_AVAILABILITY = YES_AGGRESSIVE;
				CLANG_WARN_UNREACHABLE_CODE = YES;
				CLANG_WARN__DUPLICATE_METHOD_MATCH = YES;
				COPY_PHASE_STRIP = NO;
				DEBUG_INFORMATION_FORMAT = "dwarf-with-dsym";
				ENABLE_NS_ASSERTIONS = NO;
				ENABLE_STRICT_OBJC_MSGSEND = YES;
				GCC_C_LANGUAGE_STANDARD = gnu11;
				GCC_NO_COMMON_BLOCKS = YES;
				GCC_WARN_64_TO_32_BIT_CONVERSION = YES;
				GCC_WARN_ABOUT_RETURN_TYPE = YES_ERROR;
				GCC_WARN_UNDECLARED_SELECTOR = YES;
				GCC_WARN_UNINITIALIZED_AUTOS = YES_AGGRESSIVE;
				GCC_WARN_UNUSED_FUNCTION = YES;
				GCC_WARN_UNUSED_VARIABLE = YES;
				IPHONEOS_DEPLOYMENT_TARGET = 14.4;
				MTL_ENABLE_DEBUG_INFO = NO;
				MTL_FAST_MATH = YES;
				SDKROOT = iphoneos;
				SWIFT_COMPILATION_MODE = wholemodule;
				SWIFT_OPTIMIZATION_LEVEL = "-O";
				VALIDATE_PRODUCT = YES;
			};
			name = Release;
		};
		9A7C4EBC25C6342000E3D3A5 /* Debug */ = {
			isa = XCBuildConfiguration;
			buildSettings = {
				ASSETCATALOG_COMPILER_APPICON_NAME = "iMessage App Icon";
				CODE_SIGN_STYLE = Automatic;
				DEVELOPMENT_TEAM = V64Z66BW8X;
				INFOPLIST_FILE = "iMessage Whiteboard MessagesExtension/Info.plist";
				IPHONEOS_DEPLOYMENT_TARGET = 13.2;
				LD_RUNPATH_SEARCH_PATHS = (
					"$(inherited)",
					"@executable_path/Frameworks",
					"@executable_path/../../Frameworks",
				);
				PRODUCT_BUNDLE_IDENTIFIER = "com.example.iMessage-Whiteboard.MessagesExtension";
				PRODUCT_NAME = "$(TARGET_NAME)";
				SKIP_INSTALL = YES;
				SWIFT_VERSION = 5.0;
				TARGETED_DEVICE_FAMILY = "1,2";
			};
			name = Debug;
		};
		9A7C4EBD25C6342000E3D3A5 /* Release */ = {
			isa = XCBuildConfiguration;
			buildSettings = {
				ASSETCATALOG_COMPILER_APPICON_NAME = "iMessage App Icon";
				CODE_SIGN_STYLE = Automatic;
				DEVELOPMENT_TEAM = V64Z66BW8X;
				INFOPLIST_FILE = "iMessage Whiteboard MessagesExtension/Info.plist";
				IPHONEOS_DEPLOYMENT_TARGET = 13.2;
				LD_RUNPATH_SEARCH_PATHS = (
					"$(inherited)",
					"@executable_path/Frameworks",
					"@executable_path/../../Frameworks",
				);
				PRODUCT_BUNDLE_IDENTIFIER = "com.example.iMessage-Whiteboard.MessagesExtension";
				PRODUCT_NAME = "$(TARGET_NAME)";
				SKIP_INSTALL = YES;
				SWIFT_VERSION = 5.0;
				TARGETED_DEVICE_FAMILY = "1,2";
			};
			name = Release;
		};
		9A7C4EC025C6342000E3D3A5 /* Debug */ = {
			isa = XCBuildConfiguration;
			buildSettings = {
				ALWAYS_EMBED_SWIFT_STANDARD_LIBRARIES = YES;
				ASSETCATALOG_COMPILER_APPICON_NAME = AppIcon;
				CLANG_ENABLE_MODULES = YES;
				CODE_SIGN_STYLE = Automatic;
				DEVELOPMENT_TEAM = V64Z66BW8X;
				INFOPLIST_FILE = "iMessage Whiteboard/Info.plist";
				IPHONEOS_DEPLOYMENT_TARGET = 13.2;
				LD_RUNPATH_SEARCH_PATHS = (
					"$(inherited)",
					"@executable_path/Frameworks",
					"@loader_path/Frameworks",
				);
				PRODUCT_BUNDLE_IDENTIFIER = "com.example.iMessage-Whiteboard";
				PRODUCT_NAME = "$(TARGET_NAME)";
				SWIFT_OBJC_BRIDGING_HEADER = "iMessage Whiteboard-Bridging-Header.h";
				SWIFT_OPTIMIZATION_LEVEL = "-Onone";
				SWIFT_VERSION = 5.0;
				TARGETED_DEVICE_FAMILY = "1,2";
			};
			name = Debug;
		};
		9A7C4EC125C6342000E3D3A5 /* Release */ = {
			isa = XCBuildConfiguration;
			buildSettings = {
				ALWAYS_EMBED_SWIFT_STANDARD_LIBRARIES = YES;
				ASSETCATALOG_COMPILER_APPICON_NAME = AppIcon;
				CLANG_ENABLE_MODULES = YES;
				CODE_SIGN_STYLE = Automatic;
				DEVELOPMENT_TEAM = V64Z66BW8X;
				INFOPLIST_FILE = "iMessage Whiteboard/Info.plist";
				IPHONEOS_DEPLOYMENT_TARGET = 13.2;
				LD_RUNPATH_SEARCH_PATHS = (
					"$(inherited)",
					"@executable_path/Frameworks",
					"@loader_path/Frameworks",
				);
				PRODUCT_BUNDLE_IDENTIFIER = "com.example.iMessage-Whiteboard";
				PRODUCT_NAME = "$(TARGET_NAME)";
				SWIFT_OBJC_BRIDGING_HEADER = "iMessage Whiteboard-Bridging-Header.h";
				SWIFT_VERSION = 5.0;
				TARGETED_DEVICE_FAMILY = "1,2";
			};
			name = Release;
		};
/* End XCBuildConfiguration section */

/* Begin XCConfigurationList section */
		9A7C4E9C25C6341B00E3D3A5 /* Build configuration list for PBXProject "iMessage Whiteboard" */ = {
			isa = XCConfigurationList;
			buildConfigurations = (
				9A7C4EB925C6342000E3D3A5 /* Debug */,
				9A7C4EBA25C6342000E3D3A5 /* Release */,
			);
			defaultConfigurationIsVisible = 0;
			defaultConfigurationName = Release;
		};
		9A7C4EBB25C6342000E3D3A5 /* Build configuration list for PBXNativeTarget "iMessage Whiteboard MessagesExtension" */ = {
			isa = XCConfigurationList;
			buildConfigurations = (
				9A7C4EBC25C6342000E3D3A5 /* Debug */,
				9A7C4EBD25C6342000E3D3A5 /* Release */,
			);
			defaultConfigurationIsVisible = 0;
			defaultConfigurationName = Release;
		};
		9A7C4EBF25C6342000E3D3A5 /* Build configuration list for PBXNativeTarget "iMessage Whiteboard" */ = {
			isa = XCConfigurationList;
			buildConfigurations = (
				9A7C4EC025C6342000E3D3A5 /* Debug */,
				9A7C4EC125C6342000E3D3A5 /* Release */,
			);
			defaultConfigurationIsVisible = 0;
			defaultConfigurationName = Release;
		};
/* End XCConfigurationList section */
	};
	rootObject = 9A7C4E9925C6341B00E3D3A5 /* Project object */;
}
